# THIS IS AN AUTOGENERATED FILE. DO NOT EDIT THIS FILE DIRECTLY.
# yarn lockfile v1


three-spritetext@^1.8.2:
  version "1.9.6"
  resolved "https://registry.yarnpkg.com/three-spritetext/-/three-spritetext-1.9.6.tgz#f6e89dfbc158ad2f04392fc012ef390a7d7f7f99"
  integrity sha512-+O5hGi6u4nWLefY8+Hlufd0aysWZhS2Ex61LCQVSixbYbykdPUOYYA+V+4xG4mKNDm1AsC0yHINRQS5NQb6mSg==
